
Microsoft Visual Studio Solution File, Format Version 12.00
# Visual Studio Version 16
VisualStudioVersion = 16.0.31129.286
MinimumVisualStudioVersion = 10.0.40219.1
Project("{FAE04EC0-301F-11D3-BF4B-00C04F79EFBC}") = "UmbracoUppgift2", "UmbracoUppgift2\UmbracoUppgift2.csproj", "{80ACCBAB-D6F6-401F-8701-06EDB30B038C}"
EndProject
Global
	GlobalSection(SolutionConfigurationPlatforms) = preSolution
		Debug|Any CPU = Debug|Any CPU
		Release|Any CPU = Release|Any CPU
	EndGlobalSection
	GlobalSection(ProjectConfigurationPlatforms) = postSolution
		{80ACCBAB-D6F6-401F-8701-06EDB30B038C}.Debug|Any CPU.ActiveCfg = Debug|Any CPU
		{80ACCBAB-D6F6-401F-8701-06EDB30B038C}.Debug|Any CPU.Build.0 = Debug|Any CPU
		{80ACCBAB-D6F6-401F-8701-06EDB30B038C}.Release|Any CPU.ActiveCfg = Release|Any CPU
		{80ACCBAB-D6F6-401F-8701-06EDB30B038C}.Release|Any CPU.Build.0 = Release|Any CPU
	EndGlobalSection
	GlobalSection(SolutionProperties) = preSolution
		HideSolutionNode = FALSE
	EndGlobalSection
	GlobalSection(ExtensibilityGlobals) = postSolution
		SolutionGuid = {91723A4E-2E81-4F5E-8DB3-FEE8011D18F4}
	EndGlobalSection
EndGlobal
